
Microsoft Visual Studio Solution File, Format Version 12.00
# Visual Studio Version 17
VisualStudioVersion = 17.9.34622.214
MinimumVisualStudioVersion = 10.0.40219.1
Project("{FAE04EC0-301F-11D3-BF4B-00C04F79EFBC}") = "AlertsProject", "AlertsProject\AlertsProject.csproj", "{C454AF56-B41C-4FCC-9F4F-2741A2C975D8}"
EndProject
Global
	GlobalSection(SolutionConfigurationPlatforms) = preSolution
		Debug|Any CPU = Debug|Any CPU
		Release|Any CPU = Release|Any CPU
	EndGlobalSection
	GlobalSection(ProjectConfigurationPlatforms) = postSolution
		{C454AF56-B41C-4FCC-9F4F-2741A2C975D8}.Debug|Any CPU.ActiveCfg = Debug|Any CPU
		{C454AF56-B41C-4FCC-9F4F-2741A2C975D8}.Debug|Any CPU.Build.0 = Debug|Any CPU
		{C454AF56-B41C-4FCC-9F4F-2741A2C975D8}.Release|Any CPU.ActiveCfg = Release|Any CPU
		{C454AF56-B41C-4FCC-9F4F-2741A2C975D8}.Release|Any CPU.Build.0 = Release|Any CPU
	EndGlobalSection
	GlobalSection(SolutionProperties) = preSolution
		HideSolutionNode = FALSE
	EndGlobalSection
	GlobalSection(ExtensibilityGlobals) = postSolution
		SolutionGuid = {68FD368F-B809-4D75-B41C-BB08F0259174}
	EndGlobalSection
EndGlobal
